
Microsoft Visual Studio Solution File, Format Version 12.00
# Visual Studio 2013
VisualStudioVersion = 12.0.21005.1
MinimumVisualStudioVersion = 10.0.40219.1
Project("{FAE04EC0-301F-11D3-BF4B-00C04F79EFBC}") = "PiFier", "PiFier\PiFier.csproj", "{9CBA50CB-09D1-464C-94E9-0212A71FB823}"
EndProject
Project("{2150E333-8FDC-42A3-9474-1A3956D46DE8}") = ".nuget", ".nuget", "{7C03D1A6-7EE0-4A2C-8486-0F8602CF22C0}"
	ProjectSection(SolutionItems) = preProject
		.nuget\NuGet.Config = .nuget\NuGet.Config
		.nuget\NuGet.exe = .nuget\NuGet.exe
		.nuget\NuGet.targets = .nuget\NuGet.targets
	EndProjectSection
EndProject
Global
	GlobalSection(SolutionConfigurationPlatforms) = preSolution
		Debug|Any CPU = Debug|Any CPU
		Release|Any CPU = Release|Any CPU
	EndGlobalSection
	GlobalSection(ProjectConfigurationPlatforms) = postSolution
		{9CBA50CB-09D1-464C-94E9-0212A71FB823}.Debug|Any CPU.ActiveCfg = Debug|Any CPU
		{9CBA50CB-09D1-464C-94E9-0212A71FB823}.Debug|Any CPU.Build.0 = Debug|Any CPU
		{9CBA50CB-09D1-464C-94E9-0212A71FB823}.Release|Any CPU.ActiveCfg = Release|Any CPU
		{9CBA50CB-09D1-464C-94E9-0212A71FB823}.Release|Any CPU.Build.0 = Release|Any CPU
	EndGlobalSection
	GlobalSection(SolutionProperties) = preSolution
		HideSolutionNode = FALSE
	EndGlobalSection
EndGlobal
